// !$*UTF8*$!
{
	archiveVersion = 1;
	classes = {
	};
	objectVersion = 77;
	objects = {

/* Begin PBXBuildFile section */
		7A0000000000000000000092 /* Template in Resources */ = {isa = PBXBuildFile; fileRef = 7A0000000000000000000090 /* Template */; };
		7A0000000000000000000093 /* garmin-mcp in Resources */ = {isa = PBXBuildFile; fileRef = 7A0000000000000000000091 /* garmin-mcp */; };
		7A0000000000000000000036 /* PaceLabWidgetsExtension.appex in Embed Foundation Extensions */ = {isa = PBXBuildFile; fileRef = 7A0000000000000000000021 /* PaceLabWidgetsExtension.appex */; settings = {ATTRIBUTES = (RemoveHeadersOnCopy, ); }; };
/* End PBXBuildFile section */

/* Begin PBXContainerItemProxy section */
		7A0000000000000000000060 /* PBXContainerItemProxy */ = {
			isa = PBXContainerItemProxy;
			containerPortal = 7A0000000000000000000001 /* Project object */;
			proxyType = 1;
			remoteGlobalIDString = 7A0000000000000000000041;
			remoteInfo = PaceLabWidgetsExtension;
		};
/* End PBXContainerItemProxy section */

/* Begin PBXCopyFilesBuildPhase section */
		7A0000000000000000000053 /* Embed Foundation Extensions */ = {
			isa = PBXCopyFilesBuildPhase;
			buildActionMask = 2147483647;
			dstPath = "";
			dstSubfolderSpec = 13;
			files = (
				7A0000000000000000000036 /* PaceLabWidgetsExtension.appex in Embed Foundation Extensions */,
			);
			name = "Embed Foundation Extensions";
			runOnlyForDeploymentPostprocessing = 0;
		};
/* End PBXCopyFilesBuildPhase section */

/* Begin PBXFileReference section */
		7A0000000000000000000090 /* Template */ = {isa = PBXFileReference; lastKnownFileType = folder; path = Template; sourceTree = "<group>"; };
		7A0000000000000000000091 /* garmin-mcp */ = {isa = PBXFileReference; lastKnownFileType = folder; path = "garmin-mcp"; sourceTree = "<group>"; };
		7A0000000000000000000020 /* Pace Lab.app */ = {isa = PBXFileReference; explicitFileType = wrapper.application; includeInIndex = 0; path = "Pace Lab.app"; sourceTree = BUILT_PRODUCTS_DIR; };
		7A0000000000000000000021 /* PaceLabWidgetsExtension.appex */ = {isa = PBXFileReference; explicitFileType = "wrapper.app-extension"; includeInIndex = 0; path = PaceLabWidgetsExtension.appex; sourceTree = BUILT_PRODUCTS_DIR; };
/* End PBXFileReference section */

/* Begin PBXFileSystemSynchronizedRootGroup section */
		7A0000000000000000000010 /* PaceLab */ = {
			isa = PBXFileSystemSynchronizedRootGroup;
			path = PaceLab;
			sourceTree = "<group>";
		};
		7A0000000000000000000011 /* PaceLabWidgets */ = {
			isa = PBXFileSystemSynchronizedRootGroup;
			path = PaceLabWidgets;
			sourceTree = "<group>";
		};
		7A0000000000000000000012 /* Shared */ = {
			isa = PBXFileSystemSynchronizedRootGroup;
			path = Shared;
			sourceTree = "<group>";
		};
		7A0000000000000000000013 /* Config */ = {
			isa = PBXFileSystemSynchronizedRootGroup;
			path = Config;
			sourceTree = "<group>";
		};
/* End PBXFileSystemSynchronizedRootGroup section */

/* Begin PBXFrameworksBuildPhase section */
		7A0000000000000000000051 /* Frameworks */ = {
			isa = PBXFrameworksBuildPhase;
			buildActionMask = 2147483647;
			files = (
			);
			runOnlyForDeploymentPostprocessing = 0;
		};
		7A0000000000000000000055 /* Frameworks */ = {
			isa = PBXFrameworksBuildPhase;
			buildActionMask = 2147483647;
			files = (
			);
			runOnlyForDeploymentPostprocessing = 0;
		};
/* End PBXFrameworksBuildPhase section */

/* Begin PBXGroup section */
		7A0000000000000000000002 = {
			isa = PBXGroup;
			children = (
				7A0000000000000000000010 /* PaceLab */,
				7A0000000000000000000011 /* PaceLabWidgets */,
				7A0000000000000000000012 /* Shared */,
				7A0000000000000000000013 /* Config */,
				7A0000000000000000000090 /* Template */,
				7A0000000000000000000091 /* garmin-mcp */,
				7A0000000000000000000003 /* Products */,
			);
			sourceTree = "<group>";
		};
		7A0000000000000000000003 /* Products */ = {
			isa = PBXGroup;
			children = (
				7A0000000000000000000020 /* Pace Lab.app */,
				7A0000000000000000000021 /* PaceLabWidgetsExtension.appex */,
			);
			name = Products;
			sourceTree = "<group>";
		};
/* End PBXGroup section */

/* Begin PBXNativeTarget section */
		7A0000000000000000000040 /* PaceLab */ = {
			isa = PBXNativeTarget;
			buildConfigurationList = 7A0000000000000000000071 /* Build configuration list for PBXNativeTarget "PaceLab" */;
			buildPhases = (
				7A0000000000000000000050 /* Sources */,
				7A0000000000000000000051 /* Frameworks */,
				7A0000000000000000000052 /* Resources */,
				7A0000000000000000000053 /* Embed Foundation Extensions */,
			);
			buildRules = (
			);
			dependencies = (
				7A0000000000000000000061 /* PBXTargetDependency */,
			);
			fileSystemSynchronizedGroups = (
				7A0000000000000000000010 /* PaceLab */,
				7A0000000000000000000012 /* Shared */,
			);
			name = PaceLab;
			packageProductDependencies = (
			);
			productName = PaceLab;
			productReference = 7A0000000000000000000020 /* Pace Lab.app */;
			productType = "com.apple.product-type.application";
		};
		7A0000000000000000000041 /* PaceLabWidgetsExtension */ = {
			isa = PBXNativeTarget;
			buildConfigurationList = 7A0000000000000000000072 /* Build configuration list for PBXNativeTarget "PaceLabWidgetsExtension" */;
			buildPhases = (
				7A0000000000000000000054 /* Sources */,
				7A0000000000000000000055 /* Frameworks */,
				7A0000000000000000000056 /* Resources */,
			);
			buildRules = (
			);
			dependencies = (
			);
			fileSystemSynchronizedGroups = (
				7A0000000000000000000011 /* PaceLabWidgets */,
				7A0000000000000000000012 /* Shared */,
			);
			name = PaceLabWidgetsExtension;
			packageProductDependencies = (
			);
			productName = PaceLabWidgetsExtension;
			productReference = 7A0000000000000000000021 /* PaceLabWidgetsExtension.appex */;
			productType = "com.apple.product-type.app-extension";
		};
/* End PBXNativeTarget section */

/* Begin PBXProject section */
		7A0000000000000000000001 /* Project object */ = {
			isa = PBXProject;
			attributes = {
				BuildIndependentTargetsInParallel = 1;
				LastSwiftUpdateCheck = 2700;
				LastUpgradeCheck = 2700;
				TargetAttributes = {
					7A0000000000000000000040 = {
						CreatedOnToolsVersion = 27.0;
					};
					7A0000000000000000000041 = {
						CreatedOnToolsVersion = 27.0;
					};
				};
			};
			buildConfigurationList = 7A0000000000000000000070 /* Build configuration list for PBXProject "PaceLab" */;
			developmentRegion = de;
			hasScannedForEncodings = 0;
			knownRegions = (
				de,
				Base,
			);
			mainGroup = 7A0000000000000000000002;
			minimizedProjectReferenceProxies = 1;
			preferredProjectObjectVersion = 77;
			productRefGroup = 7A0000000000000000000003 /* Products */;
			projectDirPath = "";
			projectRoot = "";
			targets = (
				7A0000000000000000000040 /* PaceLab */,
				7A0000000000000000000041 /* PaceLabWidgetsExtension */,
			);
		};
/* End PBXProject section */

/* Begin PBXResourcesBuildPhase section */
		7A0000000000000000000052 /* Resources */ = {
			isa = PBXResourcesBuildPhase;
			buildActionMask = 2147483647;
			files = (
				7A0000000000000000000092 /* Template in Resources */,
				7A0000000000000000000093 /* garmin-mcp in Resources */,
			);
			runOnlyForDeploymentPostprocessing = 0;
		};
		7A0000000000000000000056 /* Resources */ = {
			isa = PBXResourcesBuildPhase;
			buildActionMask = 2147483647;
			files = (
			);
			runOnlyForDeploymentPostprocessing = 0;
		};
/* End PBXResourcesBuildPhase section */

/* Begin PBXSourcesBuildPhase section */
		7A0000000000000000000050 /* Sources */ = {
			isa = PBXSourcesBuildPhase;
			buildActionMask = 2147483647;
			files = (
			);
			runOnlyForDeploymentPostprocessing = 0;
		};
		7A0000000000000000000054 /* Sources */ = {
			isa = PBXSourcesBuildPhase;
			buildActionMask = 2147483647;
			files = (
			);
			runOnlyForDeploymentPostprocessing = 0;
		};
/* End PBXSourcesBuildPhase section */

/* Begin PBXTargetDependency section */
		7A0000000000000000000061 /* PBXTargetDependency */ = {
			isa = PBXTargetDependency;
			target = 7A0000000000000000000041 /* PaceLabWidgetsExtension */;
			targetProxy = 7A0000000000000000000060 /* PBXContainerItemProxy */;
		};
/* End PBXTargetDependency section */

/* Begin XCBuildConfiguration section */
		7A0000000000000000000080 /* Debug */ = {
			isa = XCBuildConfiguration;
			baseConfigurationReferenceAnchor = 7A0000000000000000000013 /* Config */;
			baseConfigurationReferenceRelativePath = Signing.xcconfig;
			buildSettings = {
				ALWAYS_SEARCH_USER_PATHS = NO;
				ASSETCATALOG_COMPILER_GENERATE_SWIFT_ASSET_SYMBOL_EXTENSIONS = YES;
				CLANG_ANALYZER_NONNULL = YES;
				CLANG_CXX_LANGUAGE_STANDARD = "gnu++20";
				CLANG_ENABLE_MODULES = YES;
				CLANG_ENABLE_OBJC_ARC = YES;
				COPY_PHASE_STRIP = NO;
				DEBUG_INFORMATION_FORMAT = dwarf;
				ENABLE_STRICT_OBJC_MSGSEND = YES;
				ENABLE_TESTABILITY = YES;
				ENABLE_USER_SCRIPT_SANDBOXING = YES;
				GCC_C_LANGUAGE_STANDARD = gnu17;
				GCC_DYNAMIC_NO_PIC = NO;
				GCC_OPTIMIZATION_LEVEL = 0;
				GCC_PREPROCESSOR_DEFINITIONS = (
					"DEBUG=1",
					"$(inherited)",
				);
				LOCALIZATION_PREFERS_STRING_CATALOGS = YES;
				MACOSX_DEPLOYMENT_TARGET = 26.0;
				MTL_ENABLE_DEBUG_INFO = INCLUDE_SOURCE;
				ONLY_ACTIVE_ARCH = YES;
				PROVISIONING_PROFILE_SPECIFIER = "";
				SDKROOT = macosx;
				SWIFT_ACTIVE_COMPILATION_CONDITIONS = "DEBUG $(inherited)";
				SWIFT_OPTIMIZATION_LEVEL = "-Onone";
				SWIFT_VERSION = 6.0;
			};
			name = Debug;
		};
		7A0000000000000000000081 /* Release */ = {
			isa = XCBuildConfiguration;
			baseConfigurationReferenceAnchor = 7A0000000000000000000013 /* Config */;
			baseConfigurationReferenceRelativePath = Signing.xcconfig;
			buildSettings = {
				ALWAYS_SEARCH_USER_PATHS = NO;
				ASSETCATALOG_COMPILER_GENERATE_SWIFT_ASSET_SYMBOL_EXTENSIONS = YES;
				CLANG_ANALYZER_NONNULL = YES;
				CLANG_CXX_LANGUAGE_STANDARD = "gnu++20";
				CLANG_ENABLE_MODULES = YES;
				CLANG_ENABLE_OBJC_ARC = YES;
				COPY_PHASE_STRIP = NO;
				DEBUG_INFORMATION_FORMAT = "dwarf-with-dsym";
				ENABLE_NS_ASSERTIONS = NO;
				ENABLE_STRICT_OBJC_MSGSEND = YES;
				ENABLE_USER_SCRIPT_SANDBOXING = YES;
				GCC_C_LANGUAGE_STANDARD = gnu17;
				LOCALIZATION_PREFERS_STRING_CATALOGS = YES;
				MACOSX_DEPLOYMENT_TARGET = 26.0;
				MTL_ENABLE_DEBUG_INFO = NO;
				PROVISIONING_PROFILE_SPECIFIER = "";
				SDKROOT = macosx;
				SWIFT_COMPILATION_MODE = wholemodule;
				SWIFT_VERSION = 6.0;
			};
			name = Release;
		};
		7A0000000000000000000082 /* Debug */ = {
			isa = XCBuildConfiguration;
			buildSettings = {
				ASSETCATALOG_COMPILER_APPICON_NAME = AppIcon;
				ASSETCATALOG_COMPILER_GLOBAL_ACCENT_COLOR_NAME = AccentColor;
				CODE_SIGN_ENTITLEMENTS = Config/PaceLab.entitlements;
				COMBINE_HIDPI_IMAGES = YES;
				CURRENT_PROJECT_VERSION = 1;
				ENABLE_APP_SANDBOX = NO;
				ENABLE_HARDENED_RUNTIME = YES;
				ENABLE_PREVIEWS = YES;
				GENERATE_INFOPLIST_FILE = YES;
				INFOPLIST_FILE = "Config/PaceLab-Info.plist";
				INFOPLIST_KEY_CFBundleDisplayName = "Pace Lab";
				INFOPLIST_KEY_LSApplicationCategoryType = "public.app-category.healthcare-fitness";
				INFOPLIST_KEY_NSHumanReadableCopyright = "";
				LD_RUNPATH_SEARCH_PATHS = (
					"$(inherited)",
					"@executable_path/../Frameworks",
				);
				MARKETING_VERSION = 1.0;
				PRODUCT_BUNDLE_IDENTIFIER = "$(PACELAB_BUNDLE_ID)";
				PRODUCT_MODULE_NAME = PaceLab;
				PRODUCT_NAME = "Pace Lab";
				SWIFT_EMIT_LOC_STRINGS = YES;
			};
			name = Debug;
		};
		7A0000000000000000000083 /* Release */ = {
			isa = XCBuildConfiguration;
			buildSettings = {
				ASSETCATALOG_COMPILER_APPICON_NAME = AppIcon;
				ASSETCATALOG_COMPILER_GLOBAL_ACCENT_COLOR_NAME = AccentColor;
				CODE_SIGN_ENTITLEMENTS = Config/PaceLab.entitlements;
				COMBINE_HIDPI_IMAGES = YES;
				CURRENT_PROJECT_VERSION = 1;
				ENABLE_APP_SANDBOX = NO;
				ENABLE_HARDENED_RUNTIME = YES;
				ENABLE_PREVIEWS = YES;
				GENERATE_INFOPLIST_FILE = YES;
				INFOPLIST_FILE = "Config/PaceLab-Info.plist";
				INFOPLIST_KEY_CFBundleDisplayName = "Pace Lab";
				INFOPLIST_KEY_LSApplicationCategoryType = "public.app-category.healthcare-fitness";
				INFOPLIST_KEY_NSHumanReadableCopyright = "";
				LD_RUNPATH_SEARCH_PATHS = (
					"$(inherited)",
					"@executable_path/../Frameworks",
				);
				MARKETING_VERSION = 1.0;
				PRODUCT_BUNDLE_IDENTIFIER = "$(PACELAB_BUNDLE_ID)";
				PRODUCT_MODULE_NAME = PaceLab;
				PRODUCT_NAME = "Pace Lab";
				SWIFT_EMIT_LOC_STRINGS = YES;
			};
			name = Release;
		};
		7A0000000000000000000084 /* Debug */ = {
			isa = XCBuildConfiguration;
			buildSettings = {
				CODE_SIGN_ENTITLEMENTS = Config/PaceLabWidgets.entitlements;
				CURRENT_PROJECT_VERSION = 1;
				ENABLE_APP_SANDBOX = YES;
				ENABLE_HARDENED_RUNTIME = YES;
				GENERATE_INFOPLIST_FILE = YES;
				INFOPLIST_FILE = "Config/PaceLabWidgets-Info.plist";
				INFOPLIST_KEY_CFBundleDisplayName = "Pace Lab";
				LD_RUNPATH_SEARCH_PATHS = (
					"$(inherited)",
					"@executable_path/../Frameworks",
					"@executable_path/../../../../Frameworks",
				);
				MARKETING_VERSION = 1.0;
				PRODUCT_BUNDLE_IDENTIFIER = "$(PACELAB_BUNDLE_ID).widgets";
				PRODUCT_NAME = "$(TARGET_NAME)";
				SKIP_INSTALL = YES;
				SWIFT_EMIT_LOC_STRINGS = YES;
			};
			name = Debug;
		};
		7A0000000000000000000085 /* Release */ = {
			isa = XCBuildConfiguration;
			buildSettings = {
				CODE_SIGN_ENTITLEMENTS = Config/PaceLabWidgets.entitlements;
				CURRENT_PROJECT_VERSION = 1;
				ENABLE_APP_SANDBOX = YES;
				ENABLE_HARDENED_RUNTIME = YES;
				GENERATE_INFOPLIST_FILE = YES;
				INFOPLIST_FILE = "Config/PaceLabWidgets-Info.plist";
				INFOPLIST_KEY_CFBundleDisplayName = "Pace Lab";
				LD_RUNPATH_SEARCH_PATHS = (
					"$(inherited)",
					"@executable_path/../Frameworks",
					"@executable_path/../../../../Frameworks",
				);
				MARKETING_VERSION = 1.0;
				PRODUCT_BUNDLE_IDENTIFIER = "$(PACELAB_BUNDLE_ID).widgets";
				PRODUCT_NAME = "$(TARGET_NAME)";
				SKIP_INSTALL = YES;
				SWIFT_EMIT_LOC_STRINGS = YES;
			};
			name = Release;
		};
/* End XCBuildConfiguration section */

/* Begin XCConfigurationList section */
		7A0000000000000000000070 /* Build configuration list for PBXProject "PaceLab" */ = {
			isa = XCConfigurationList;
			buildConfigurations = (
				7A0000000000000000000080 /* Debug */,
				7A0000000000000000000081 /* Release */,
			);
			defaultConfigurationIsVisible = 0;
			defaultConfigurationName = Release;
		};
		7A0000000000000000000071 /* Build configuration list for PBXNativeTarget "PaceLab" */ = {
			isa = XCConfigurationList;
			buildConfigurations = (
				7A0000000000000000000082 /* Debug */,
				7A0000000000000000000083 /* Release */,
			);
			defaultConfigurationIsVisible = 0;
			defaultConfigurationName = Release;
		};
		7A0000000000000000000072 /* Build configuration list for PBXNativeTarget "PaceLabWidgetsExtension" */ = {
			isa = XCConfigurationList;
			buildConfigurations = (
				7A0000000000000000000084 /* Debug */,
				7A0000000000000000000085 /* Release */,
			);
			defaultConfigurationIsVisible = 0;
			defaultConfigurationName = Release;
		};
/* End XCConfigurationList section */
	};
	rootObject = 7A0000000000000000000001 /* Project object */;
}
